
Microsoft Visual Studio Solution File, Format Version 12.00
# Visual Studio Version 17
VisualStudioVersion = 17.12.35514.174
MinimumVisualStudioVersion = 10.0.40219.1
Project("{FAE04EC0-301F-11D3-BF4B-00C04F79EFBC}") = "ArchiveDomain", "ArchiveDomain\ArchiveDomain.csproj", "{4ADB23C5-63D1-4A6C-8A06-CE8A0319DE55}"
EndProject
Project("{FAE04EC0-301F-11D3-BF4B-00C04F79EFBC}") = "ArchiveInfrastructure", "ArchiveInfrastructure\ArchiveInfrastructure.csproj", "{DF9E8513-58FA-425A-8821-8A8471BA75CB}"
EndProject
Global
	GlobalSection(SolutionConfigurationPlatforms) = preSolution
		Debug|Any CPU = Debug|Any CPU
		Release|Any CPU = Release|Any CPU
	EndGlobalSection
	GlobalSection(ProjectConfigurationPlatforms) = postSolution
		{4ADB23C5-63D1-4A6C-8A06-CE8A0319DE55}.Debug|Any CPU.ActiveCfg = Debug|Any CPU
		{4ADB23C5-63D1-4A6C-8A06-CE8A0319DE55}.Debug|Any CPU.Build.0 = Debug|Any CPU
		{4ADB23C5-63D1-4A6C-8A06-CE8A0319DE55}.Release|Any CPU.ActiveCfg = Release|Any CPU
		{4ADB23C5-63D1-4A6C-8A06-CE8A0319DE55}.Release|Any CPU.Build.0 = Release|Any CPU
		{DF9E8513-58FA-425A-8821-8A8471BA75CB}.Debug|Any CPU.ActiveCfg = Debug|Any CPU
		{DF9E8513-58FA-425A-8821-8A8471BA75CB}.Debug|Any CPU.Build.0 = Debug|Any CPU
		{DF9E8513-58FA-425A-8821-8A8471BA75CB}.Release|Any CPU.ActiveCfg = Release|Any CPU
		{DF9E8513-58FA-425A-8821-8A8471BA75CB}.Release|Any CPU.Build.0 = Release|Any CPU
	EndGlobalSection
	GlobalSection(SolutionProperties) = preSolution
		HideSolutionNode = FALSE
	EndGlobalSection
EndGlobal
